// !$*UTF8*$!
{
	archiveVersion = 1;
	classes = {
	};
	objectVersion = 51;
	objects = {

/* Begin PBXBuildFile section */
		14DC96A4429008519D365A7E /* Pods_Instagram.framework in Frameworks */ = {isa = PBXBuildFile; fileRef = FD170F8AC430EB557BF7FBEC /* Pods_Instagram.framework */; };
		D5369A5E234476F5003306D0 /* InputCommentViewController.swift in Sources */ = {isa = PBXBuildFile; fileRef = D5369A5D234476F5003306D0 /* InputCommentViewController.swift */; };
		D549E3A0232239170008858C /* GoogleService-Info.plist in Resources */ = {isa = PBXBuildFile; fileRef = D549E39F232239170008858C /* GoogleService-Info.plist */; };
		D54A1F8D23276B13002E537F /* Const.swift in Sources */ = {isa = PBXBuildFile; fileRef = D54A1F8C23276B13002E537F /* Const.swift */; };
		D54A1F91232778AB002E537F /* PostData.swift in Sources */ = {isa = PBXBuildFile; fileRef = D54A1F90232778AB002E537F /* PostData.swift */; };
		D54A1F98232785D0002E537F /* PostTableViewCell.swift in Sources */ = {isa = PBXBuildFile; fileRef = D54A1F96232785D0002E537F /* PostTableViewCell.swift */; };
		D54A1F99232785D0002E537F /* PostTableViewCell.xib in Resources */ = {isa = PBXBuildFile; fileRef = D54A1F97232785D0002E537F /* PostTableViewCell.xib */; };
		D58CD98D230E5F30009ADEA2 /* AppDelegate.swift in Sources */ = {isa = PBXBuildFile; fileRef = D58CD98C230E5F30009ADEA2 /* AppDelegate.swift */; };
		D58CD98F230E5F30009ADEA2 /* ViewController.swift in Sources */ = {isa = PBXBuildFile; fileRef = D58CD98E230E5F30009ADEA2 /* ViewController.swift */; };
		D58CD992230E5F30009ADEA2 /* Main.storyboard in Resources */ = {isa = PBXBuildFile; fileRef = D58CD990230E5F30009ADEA2 /* Main.storyboard */; };
		D58CD994230E5F31009ADEA2 /* Assets.xcassets in Resources */ = {isa = PBXBuildFile; fileRef = D58CD993230E5F31009ADEA2 /* Assets.xcassets */; };
		D58CD997230E5F31009ADEA2 /* LaunchScreen.storyboard in Resources */ = {isa = PBXBuildFile; fileRef = D58CD995230E5F31009ADEA2 /* LaunchScreen.storyboard */; };
		D58CD99F230E61FB009ADEA2 /* LoginViewController.swift in Sources */ = {isa = PBXBuildFile; fileRef = D58CD99E230E61FB009ADEA2 /* LoginViewController.swift */; };
		D58CD9A1230E6208009ADEA2 /* HomeViewController.swift in Sources */ = {isa = PBXBuildFile; fileRef = D58CD9A0230E6208009ADEA2 /* HomeViewController.swift */; };
		D58CD9A3230E621D009ADEA2 /* ImageSelectViewController.swift in Sources */ = {isa = PBXBuildFile; fileRef = D58CD9A2230E621D009ADEA2 /* ImageSelectViewController.swift */; };
		D58CD9A5230E622D009ADEA2 /* PostViewController.swift in Sources */ = {isa = PBXBuildFile; fileRef = D58CD9A4230E622D009ADEA2 /* PostViewController.swift */; };
		D58CD9A7230E623F009ADEA2 /* SettingViewController.swift in Sources */ = {isa = PBXBuildFile; fileRef = D58CD9A6230E623F009ADEA2 /* SettingViewController.swift */; };
/* End PBXBuildFile section */

/* Begin PBXFileReference section */
		8827CCC318CA059A09806B4E /* Pods-Instagram.debug.xcconfig */ = {isa = PBXFileReference; includeInIndex = 1; lastKnownFileType = text.xcconfig; name = "Pods-Instagram.debug.xcconfig"; path = "Target Support Files/Pods-Instagram/Pods-Instagram.debug.xcconfig"; sourceTree = "<group>"; };
		D5369A5D234476F5003306D0 /* InputCommentViewController.swift */ = {isa = PBXFileReference; lastKnownFileType = sourcecode.swift; path = InputCommentViewController.swift; sourceTree = "<group>"; };
		D549E39F232239170008858C /* GoogleService-Info.plist */ = {isa = PBXFileReference; fileEncoding = 4; lastKnownFileType = text.plist.xml; path = "GoogleService-Info.plist"; sourceTree = "<group>"; };
		D54A1F8C23276B13002E537F /* Const.swift */ = {isa = PBXFileReference; lastKnownFileType = sourcecode.swift; path = Const.swift; sourceTree = "<group>"; };
		D54A1F90232778AB002E537F /* PostData.swift */ = {isa = PBXFileReference; lastKnownFileType = sourcecode.swift; path = PostData.swift; sourceTree = "<group>"; };
		D54A1F96232785D0002E537F /* PostTableViewCell.swift */ = {isa = PBXFileReference; lastKnownFileType = sourcecode.swift; path = PostTableViewCell.swift; sourceTree = "<group>"; };
		D54A1F97232785D0002E537F /* PostTableViewCell.xib */ = {isa = PBXFileReference; lastKnownFileType = file.xib; path = PostTableViewCell.xib; sourceTree = "<group>"; };
		D58CD989230E5F30009ADEA2 /* Instagram.app */ = {isa = PBXFileReference; explicitFileType = wrapper.application; includeInIndex = 0; path = Instagram.app; sourceTree = BUILT_PRODUCTS_DIR; };
		D58CD98C230E5F30009ADEA2 /* AppDelegate.swift */ = {isa = PBXFileReference; lastKnownFileType = sourcecode.swift; path = AppDelegate.swift; sourceTree = "<group>"; };
		D58CD98E230E5F30009ADEA2 /* ViewController.swift */ = {isa = PBXFileReference; lastKnownFileType = sourcecode.swift; path = ViewController.swift; sourceTree = "<group>"; };
		D58CD991230E5F30009ADEA2 /* Base */ = {isa = PBXFileReference; lastKnownFileType = file.storyboard; name = Base; path = Base.lproj/Main.storyboard; sourceTree = "<group>"; };
		D58CD993230E5F31009ADEA2 /* Assets.xcassets */ = {isa = PBXFileReference; lastKnownFileType = folder.assetcatalog; path = Assets.xcassets; sourceTree = "<group>"; };
		D58CD996230E5F31009ADEA2 /* Base */ = {isa = PBXFileReference; lastKnownFileType = file.storyboard; name = Base; path = Base.lproj/LaunchScreen.storyboard; sourceTree = "<group>"; };
		D58CD998230E5F31009ADEA2 /* Info.plist */ = {isa = PBXFileReference; lastKnownFileType = text.plist.xml; path = Info.plist; sourceTree = "<group>"; };
		D58CD99E230E61FB009ADEA2 /* LoginViewController.swift */ = {isa = PBXFileReference; lastKnownFileType = sourcecode.swift; path = LoginViewController.swift; sourceTree = "<group>"; };
		D58CD9A0230E6208009ADEA2 /* HomeViewController.swift */ = {isa = PBXFileReference; lastKnownFileType = sourcecode.swift; path = HomeViewController.swift; sourceTree = "<group>"; };
		D58CD9A2230E621D009ADEA2 /* ImageSelectViewController.swift */ = {isa = PBXFileReference; lastKnownFileType = sourcecode.swift; path = ImageSelectViewController.swift; sourceTree = "<group>"; };
		D58CD9A4230E622D009ADEA2 /* PostViewController.swift */ = {isa = PBXFileReference; lastKnownFileType = sourcecode.swift; path = PostViewController.swift; sourceTree = "<group>"; };
		D58CD9A6230E623F009ADEA2 /* SettingViewController.swift */ = {isa = PBXFileReference; lastKnownFileType = sourcecode.swift; path = SettingViewController.swift; sourceTree = "<group>"; };
		DF8E703FD831ECB97B2392BA /* Pods-Instagram.release.xcconfig */ = {isa = PBXFileReference; includeInIndex = 1; lastKnownFileType = text.xcconfig; name = "Pods-Instagram.release.xcconfig"; path = "Target Support Files/Pods-Instagram/Pods-Instagram.release.xcconfig"; sourceTree = "<group>"; };
		FD170F8AC430EB557BF7FBEC /* Pods_Instagram.framework */ = {isa = PBXFileReference; explicitFileType = wrapper.framework; includeInIndex = 0; path = Pods_Instagram.framework; sourceTree = BUILT_PRODUCTS_DIR; };
/* End PBXFileReference section */

/* Begin PBXFrameworksBuildPhase section */
		D58CD986230E5F30009ADEA2 /* Frameworks */ = {
			isa = PBXFrameworksBuildPhase;
			buildActionMask = 2147483647;
			files = (
				14DC96A4429008519D365A7E /* Pods_Instagram.framework in Frameworks */,
			);
			runOnlyForDeploymentPostprocessing = 0;
		};
/* End PBXFrameworksBuildPhase section */

/* Begin PBXGroup section */
		8B70305C89A0D721306129C2 /* Pods */ = {
			isa = PBXGroup;
			children = (
				8827CCC318CA059A09806B4E /* Pods-Instagram.debug.xcconfig */,
				DF8E703FD831ECB97B2392BA /* Pods-Instagram.release.xcconfig */,
			);
			path = Pods;
			sourceTree = "<group>";
		};
		8D6B7A439EBB8AD5E6F0A706 /* Frameworks */ = {
			isa = PBXGroup;
			children = (
				FD170F8AC430EB557BF7FBEC /* Pods_Instagram.framework */,
			);
			name = Frameworks;
			sourceTree = "<group>";
		};
		D58CD980230E5F30009ADEA2 = {
			isa = PBXGroup;
			children = (
				D58CD98B230E5F30009ADEA2 /* Instagram */,
				D58CD98A230E5F30009ADEA2 /* Products */,
				8B70305C89A0D721306129C2 /* Pods */,
				8D6B7A439EBB8AD5E6F0A706 /* Frameworks */,
			);
			sourceTree = "<group>";
		};
		D58CD98A230E5F30009ADEA2 /* Products */ = {
			isa = PBXGroup;
			children = (
				D58CD989230E5F30009ADEA2 /* Instagram.app */,
			);
			name = Products;
			sourceTree = "<group>";
		};
		D58CD98B230E5F30009ADEA2 /* Instagram */ = {
			isa = PBXGroup;
			children = (
				D54A1F8C23276B13002E537F /* Const.swift */,
				D58CD98C230E5F30009ADEA2 /* AppDelegate.swift */,
				D58CD98E230E5F30009ADEA2 /* ViewController.swift */,
				D58CD990230E5F30009ADEA2 /* Main.storyboard */,
				D58CD993230E5F31009ADEA2 /* Assets.xcassets */,
				D58CD995230E5F31009ADEA2 /* LaunchScreen.storyboard */,
				D58CD998230E5F31009ADEA2 /* Info.plist */,
				D58CD99E230E61FB009ADEA2 /* LoginViewController.swift */,
				D58CD9A0230E6208009ADEA2 /* HomeViewController.swift */,
				D58CD9A2230E621D009ADEA2 /* ImageSelectViewController.swift */,
				D58CD9A4230E622D009ADEA2 /* PostViewController.swift */,
				D58CD9A6230E623F009ADEA2 /* SettingViewController.swift */,
				D549E39F232239170008858C /* GoogleService-Info.plist */,
				D54A1F90232778AB002E537F /* PostData.swift */,
				D54A1F96232785D0002E537F /* PostTableViewCell.swift */,
				D54A1F97232785D0002E537F /* PostTableViewCell.xib */,
				D5369A5D234476F5003306D0 /* InputCommentViewController.swift */,
			);
			path = Instagram;
			sourceTree = "<group>";
		};
/* End PBXGroup section */

/* Begin PBXNativeTarget section */
		D58CD988230E5F30009ADEA2 /* Instagram */ = {
			isa = PBXNativeTarget;
			buildConfigurationList = D58CD99B230E5F31009ADEA2 /* Build configuration list for PBXNativeTarget "Instagram" */;
			buildPhases = (
				3045986D2D5794AE80ACA3DD /* [CP] Check Pods Manifest.lock */,
				D58CD985230E5F30009ADEA2 /* Sources */,
				D58CD986230E5F30009ADEA2 /* Frameworks */,
				D58CD987230E5F30009ADEA2 /* Resources */,
				50A1787320CD4D236DF8634A /* [CP] Embed Pods Frameworks */,
			);
			buildRules = (
			);
			dependencies = (
			);
			name = Instagram;
			productName = Instagram;
			productReference = D58CD989230E5F30009ADEA2 /* Instagram.app */;
			productType = "com.apple.product-type.application";
		};
/* End PBXNativeTarget section */

/* Begin PBXProject section */
		D58CD981230E5F30009ADEA2 /* Project object */ = {
			isa = PBXProject;
			attributes = {
				LastSwiftUpdateCheck = 1020;
				LastUpgradeCheck = 1020;
				ORGANIZATIONNAME = Rsan;
				TargetAttributes = {
					D58CD988230E5F30009ADEA2 = {
						CreatedOnToolsVersion = 10.2.1;
					};
				};
			};
			buildConfigurationList = D58CD984230E5F30009ADEA2 /* Build configuration list for PBXProject "Instagram" */;
			compatibilityVersion = "Xcode 9.3";
			developmentRegion = en;
			hasScannedForEncodings = 0;
			knownRegions = (
				en,
				Base,
			);
			mainGroup = D58CD980230E5F30009ADEA2;
			productRefGroup = D58CD98A230E5F30009ADEA2 /* Products */;
			projectDirPath = "";
			projectRoot = "";
			targets = (
				D58CD988230E5F30009ADEA2 /* Instagram */,
			);
		};
/* End PBXProject section */

/* Begin PBXResourcesBuildPhase section */
		D58CD987230E5F30009ADEA2 /* Resources */ = {
			isa = PBXResourcesBuildPhase;
			buildActionMask = 2147483647;
			files = (
				D58CD997230E5F31009ADEA2 /* LaunchScreen.storyboard in Resources */,
				D54A1F99232785D0002E537F /* PostTableViewCell.xib in Resources */,
				D549E3A0232239170008858C /* GoogleService-Info.plist in Resources */,
				D58CD994230E5F31009ADEA2 /* Assets.xcassets in Resources */,
				D58CD992230E5F30009ADEA2 /* Main.storyboard in Resources */,
			);
			runOnlyForDeploymentPostprocessing = 0;
		};
/* End PBXResourcesBuildPhase section */

/* Begin PBXShellScriptBuildPhase section */
		3045986D2D5794AE80ACA3DD /* [CP] Check Pods Manifest.lock */ = {
			isa = PBXShellScriptBuildPhase;
			buildActionMask = 2147483647;
			files = (
			);
			inputFileListPaths = (
			);
			inputPaths = (
				"${PODS_PODFILE_DIR_PATH}/Podfile.lock",
				"${PODS_ROOT}/Manifest.lock",
			);
			name = "[CP] Check Pods Manifest.lock";
			outputFileListPaths = (
			);
			outputPaths = (
				"$(DERIVED_FILE_DIR)/Pods-Instagram-checkManifestLockResult.txt",
			);
			runOnlyForDeploymentPostprocessing = 0;
			shellPath = /bin/sh;
			shellScript = "diff \"${PODS_PODFILE_DIR_PATH}/Podfile.lock\" \"${PODS_ROOT}/Manifest.lock\" > /dev/null\nif [ $? != 0 ] ; then\n    # print error to STDERR\n    echo \"error: The sandbox is not in sync with the Podfile.lock. Run 'pod install' or update your CocoaPods installation.\" >&2\n    exit 1\nfi\n# This output is used by Xcode 'outputs' to avoid re-running this script phase.\necho \"SUCCESS\" > \"${SCRIPT_OUTPUT_FILE_0}\"\n";
			showEnvVarsInLog = 0;
		};
		50A1787320CD4D236DF8634A /* [CP] Embed Pods Frameworks */ = {
			isa = PBXShellScriptBuildPhase;
			buildActionMask = 2147483647;
			files = (
			);
			inputFileListPaths = (
				"${PODS_ROOT}/Target Support Files/Pods-Instagram/Pods-Instagram-frameworks-${CONFIGURATION}-input-files.xcfilelist",
			);
			name = "[CP] Embed Pods Frameworks";
			outputFileListPaths = (
				"${PODS_ROOT}/Target Support Files/Pods-Instagram/Pods-Instagram-frameworks-${CONFIGURATION}-output-files.xcfilelist",
			);
			runOnlyForDeploymentPostprocessing = 0;
			shellPath = /bin/sh;
			shellScript = "\"${PODS_ROOT}/Target Support Files/Pods-Instagram/Pods-Instagram-frameworks.sh\"\n";
			showEnvVarsInLog = 0;
		};
/* End PBXShellScriptBuildPhase section */

/* Begin PBXSourcesBuildPhase section */
		D58CD985230E5F30009ADEA2 /* Sources */ = {
			isa = PBXSourcesBuildPhase;
			buildActionMask = 2147483647;
			files = (
				D58CD9A5230E622D009ADEA2 /* PostViewController.swift in Sources */,
				D54A1F91232778AB002E537F /* PostData.swift in Sources */,
				D58CD99F230E61FB009ADEA2 /* LoginViewController.swift in Sources */,
				D58CD98F230E5F30009ADEA2 /* ViewController.swift in Sources */,
				D58CD98D230E5F30009ADEA2 /* AppDelegate.swift in Sources */,
				D58CD9A3230E621D009ADEA2 /* ImageSelectViewController.swift in Sources */,
				D54A1F8D23276B13002E537F /* Const.swift in Sources */,
				D54A1F98232785D0002E537F /* PostTableViewCell.swift in Sources */,
				D58CD9A7230E623F009ADEA2 /* SettingViewController.swift in Sources */,
				D5369A5E234476F5003306D0 /* InputCommentViewController.swift in Sources */,
				D58CD9A1230E6208009ADEA2 /* HomeViewController.swift in Sources */,
			);
			runOnlyForDeploymentPostprocessing = 0;
		};
/* End PBXSourcesBuildPhase section */

/* Begin PBXVariantGroup section */
		D58CD990230E5F30009ADEA2 /* Main.storyboard */ = {
			isa = PBXVariantGroup;
			children = (
				D58CD991230E5F30009ADEA2 /* Base */,
			);
			name = Main.storyboard;
			sourceTree = "<group>";
		};
		D58CD995230E5F31009ADEA2 /* LaunchScreen.storyboard */ = {
			isa = PBXVariantGroup;
			children = (
				D58CD996230E5F31009ADEA2 /* Base */,
			);
			name = LaunchScreen.storyboard;
			sourceTree = "<group>";
		};
/* End PBXVariantGroup section */

/* Begin XCBuildConfiguration section */
		D58CD999230E5F31009ADEA2 /* Debug */ = {
			isa = XCBuildConfiguration;
			buildSettings = {
				ALWAYS_SEARCH_USER_PATHS = NO;
				CLANG_ANALYZER_NONNULL = YES;
				CLANG_ANALYZER_NUMBER_OBJECT_CONVERSION = YES_AGGRESSIVE;
				CLANG_CXX_LANGUAGE_STANDARD = "gnu++14";
				CLANG_CXX_LIBRARY = "libc++";
				CLANG_ENABLE_MODULES = YES;
				CLANG_ENABLE_OBJC_ARC = YES;
				CLANG_ENABLE_OBJC_WEAK = YES;
				CLANG_WARN_BLOCK_CAPTURE_AUTORELEASING = YES;
				CLANG_WARN_BOOL_CONVERSION = YES;
				CLANG_WARN_COMMA = YES;
				CLANG_WARN_CONSTANT_CONVERSION = YES;
				CLANG_WARN_DEPRECATED_OBJC_IMPLEMENTATIONS = YES;
				CLANG_WARN_DIRECT_OBJC_ISA_USAGE = YES_ERROR;
				CLANG_WARN_DOCUMENTATION_COMMENTS = YES;
				CLANG_WARN_EMPTY_BODY = YES;
				CLANG_WARN_ENUM_CONVERSION = YES;
				CLANG_WARN_INFINITE_RECURSION = YES;
				CLANG_WARN_INT_CONVERSION = YES;
				CLANG_WARN_NON_LITERAL_NULL_CONVERSION = YES;
				CLANG_WARN_OBJC_IMPLICIT_RETAIN_SELF = YES;
				CLANG_WARN_OBJC_LITERAL_CONVERSION = YES;
				CLANG_WARN_OBJC_ROOT_CLASS = YES_ERROR;
				CLANG_WARN_RANGE_LOOP_ANALYSIS = YES;
				CLANG_WARN_STRICT_PROTOTYPES = YES;
				CLANG_WARN_SUSPICIOUS_MOVE = YES;
				CLANG_WARN_UNGUARDED_AVAILABILITY = YES_AGGRESSIVE;
				CLANG_WARN_UNREACHABLE_CODE = YES;
				CLANG_WARN__DUPLICATE_METHOD_MATCH = YES;
				CODE_SIGN_IDENTITY = "iPhone Developer";
				COPY_PHASE_STRIP = NO;
				DEBUG_INFORMATION_FORMAT = dwarf;
				ENABLE_STRICT_OBJC_MSGSEND = YES;
				ENABLE_TESTABILITY = YES;
				GCC_C_LANGUAGE_STANDARD = gnu11;
				GCC_DYNAMIC_NO_PIC = NO;
				GCC_NO_COMMON_BLOCKS = YES;
				GCC_OPTIMIZATION_LEVEL = 0;
				GCC_PREPROCESSOR_DEFINITIONS = (
					"DEBUG=1",
					"$(inherited)",
				);
				GCC_WARN_64_TO_32_BIT_CONVERSION = YES;
				GCC_WARN_ABOUT_RETURN_TYPE = YES_ERROR;
				GCC_WARN_UNDECLARED_SELECTOR = YES;
				GCC_WARN_UNINITIALIZED_AUTOS = YES_AGGRESSIVE;
				GCC_WARN_UNUSED_FUNCTION = YES;
				GCC_WARN_UNUSED_VARIABLE = YES;
				IPHONEOS_DEPLOYMENT_TARGET = 12.2;
				MTL_ENABLE_DEBUG_INFO = INCLUDE_SOURCE;
				MTL_FAST_MATH = YES;
				ONLY_ACTIVE_ARCH = YES;
				SDKROOT = iphoneos;
				SWIFT_ACTIVE_COMPILATION_CONDITIONS = DEBUG;
				SWIFT_OPTIMIZATION_LEVEL = "-Onone";
			};
			name = Debug;
		};
		D58CD99A230E5F31009ADEA2 /* Release */ = {
			isa = XCBuildConfiguration;
			buildSettings = {
				ALWAYS_SEARCH_USER_PATHS = NO;
				CLANG_ANALYZER_NONNULL = YES;
				CLANG_ANALYZER_NUMBER_OBJECT_CONVERSION = YES_AGGRESSIVE;
				CLANG_CXX_LANGUAGE_STANDARD = "gnu++14";
				CLANG_CXX_LIBRARY = "libc++";
				CLANG_ENABLE_MODULES = YES;
				CLANG_ENABLE_OBJC_ARC = YES;
				CLANG_ENABLE_OBJC_WEAK = YES;
				CLANG_WARN_BLOCK_CAPTURE_AUTORELEASING = YES;
				CLANG_WARN_BOOL_CONVERSION = YES;
				CLANG_WARN_COMMA = YES;
				CLANG_WARN_CONSTANT_CONVERSION = YES;
				CLANG_WARN_DEPRECATED_OBJC_IMPLEMENTATIONS = YES;
				CLANG_WARN_DIRECT_OBJC_ISA_USAGE = YES_ERROR;
				CLANG_WARN_DOCUMENTATION_COMMENTS = YES;
				CLANG_WARN_EMPTY_BODY = YES;
				CLANG_WARN_ENUM_CONVERSION = YES;
				CLANG_WARN_INFINITE_RECURSION = YES;
				CLANG_WARN_INT_CONVERSION = YES;
				CLANG_WARN_NON_LITERAL_NULL_CONVERSION = YES;
				CLANG_WARN_OBJC_IMPLICIT_RETAIN_SELF = YES;
				CLANG_WARN_OBJC_LITERAL_CONVERSION = YES;
				CLANG_WARN_OBJC_ROOT_CLASS = YES_ERROR;
				CLANG_WARN_RANGE_LOOP_ANALYSIS = YES;
				CLANG_WARN_STRICT_PROTOTYPES = YES;
				CLANG_WARN_SUSPICIOUS_MOVE = YES;
				CLANG_WARN_UNGUARDED_AVAILABILITY = YES_AGGRESSIVE;
				CLANG_WARN_UNREACHABLE_CODE = YES;
				CLANG_WARN__DUPLICATE_METHOD_MATCH = YES;
				CODE_SIGN_IDENTITY = "iPhone Developer";
				COPY_PHASE_STRIP = NO;
				DEBUG_INFORMATION_FORMAT = "dwarf-with-dsym";
				ENABLE_NS_ASSERTIONS = NO;
				ENABLE_STRICT_OBJC_MSGSEND = YES;
				GCC_C_LANGUAGE_STANDARD = gnu11;
				GCC_NO_COMMON_BLOCKS = YES;
				GCC_WARN_64_TO_32_BIT_CONVERSION = YES;
				GCC_WARN_ABOUT_RETURN_TYPE = YES_ERROR;
				GCC_WARN_UNDECLARED_SELECTOR = YES;
				GCC_WARN_UNINITIALIZED_AUTOS = YES_AGGRESSIVE;
				GCC_WARN_UNUSED_FUNCTION = YES;
				GCC_WARN_UNUSED_VARIABLE = YES;
				IPHONEOS_DEPLOYMENT_TARGET = 12.2;
				MTL_ENABLE_DEBUG_INFO = NO;
				MTL_FAST_MATH = YES;
				SDKROOT = iphoneos;
				SWIFT_COMPILATION_MODE = wholemodule;
				SWIFT_OPTIMIZATION_LEVEL = "-O";
				VALIDATE_PRODUCT = YES;
			};
			name = Release;
		};
		D58CD99C230E5F31009ADEA2 /* Debug */ = {
			isa = XCBuildConfiguration;
			baseConfigurationReference = 8827CCC318CA059A09806B4E /* Pods-Instagram.debug.xcconfig */;
			buildSettings = {
				ASSETCATALOG_COMPILER_APPICON_NAME = AppIcon;
				CODE_SIGN_STYLE = Automatic;
				DEVELOPMENT_TEAM = 3Q889ML2QD;
				INFOPLIST_FILE = Instagram/Info.plist;
				LD_RUNPATH_SEARCH_PATHS = (
					"$(inherited)",
					"@executable_path/Frameworks",
				);
				PRODUCT_BUNDLE_IDENTIFIER = jp.techacademy.Rsan.Instagram;
				PRODUCT_NAME = "$(TARGET_NAME)";
				SWIFT_VERSION = 5.0;
				TARGETED_DEVICE_FAMILY = 1;
			};
			name = Debug;
		};
		D58CD99D230E5F31009ADEA2 /* Release */ = {
			isa = XCBuildConfiguration;
			baseConfigurationReference = DF8E703FD831ECB97B2392BA /* Pods-Instagram.release.xcconfig */;
			buildSettings = {
				ASSETCATALOG_COMPILER_APPICON_NAME = AppIcon;
				CODE_SIGN_STYLE = Automatic;
				DEVELOPMENT_TEAM = 3Q889ML2QD;
				INFOPLIST_FILE = Instagram/Info.plist;
				LD_RUNPATH_SEARCH_PATHS = (
					"$(inherited)",
					"@executable_path/Frameworks",
				);
				PRODUCT_BUNDLE_IDENTIFIER = jp.techacademy.Rsan.Instagram;
				PRODUCT_NAME = "$(TARGET_NAME)";
				SWIFT_VERSION = 5.0;
				TARGETED_DEVICE_FAMILY = 1;
			};
			name = Release;
		};
/* End XCBuildConfiguration section */

/* Begin XCConfigurationList section */
		D58CD984230E5F30009ADEA2 /* Build configuration list for PBXProject "Instagram" */ = {
			isa = XCConfigurationList;
			buildConfigurations = (
				D58CD999230E5F31009ADEA2 /* Debug */,
				D58CD99A230E5F31009ADEA2 /* Release */,
			);
			defaultConfigurationIsVisible = 0;
			defaultConfigurationName = Release;
		};
		D58CD99B230E5F31009ADEA2 /* Build configuration list for PBXNativeTarget "Instagram" */ = {
			isa = XCConfigurationList;
			buildConfigurations = (
				D58CD99C230E5F31009ADEA2 /* Debug */,
				D58CD99D230E5F31009ADEA2 /* Release */,
			);
			defaultConfigurationIsVisible = 0;
			defaultConfigurationName = Release;
		};
/* End XCConfigurationList section */
	};
	rootObject = D58CD981230E5F30009ADEA2 /* Project object */;
}
